// !$*UTF8*$!
{
	archiveVersion = 1;
	classes = {
	};
	objectVersion = 56;
	objects = {

/* Begin PBXBuildFile section */
		ACD51B7D2C0E79D0004C1568 /* cs179sendPhotoApp.swift in Sources */ = {isa = PBXBuildFile; fileRef = ACD51B7C2C0E79D0004C1568 /* cs179sendPhotoApp.swift */; };
		ACD51B7F2C0E79D0004C1568 /* ContentView.swift in Sources */ = {isa = PBXBuildFile; fileRef = ACD51B7E2C0E79D0004C1568 /* ContentView.swift */; };
		ACD51B812C0E79D4004C1568 /* Assets.xcassets in Resources */ = {isa = PBXBuildFile; fileRef = ACD51B802C0E79D4004C1568 /* Assets.xcassets */; };
		ACD51B842C0E79D4004C1568 /* Preview Assets.xcassets in Resources */ = {isa = PBXBuildFile; fileRef = ACD51B832C0E79D4004C1568 /* Preview Assets.xcassets */; };
		ACD51B8E2C0E79D4004C1568 /* cs179sendPhotoTests.swift in Sources */ = {isa = PBXBuildFile; fileRef = ACD51B8D2C0E79D4004C1568 /* cs179sendPhotoTests.swift */; };
		ACD51B982C0E79D4004C1568 /* cs179sendPhotoUITests.swift in Sources */ = {isa = PBXBuildFile; fileRef = ACD51B972C0E79D4004C1568 /* cs179sendPhotoUITests.swift */; };
		ACD51B9A2C0E79D4004C1568 /* cs179sendPhotoUITestsLaunchTests.swift in Sources */ = {isa = PBXBuildFile; fileRef = ACD51B992C0E79D4004C1568 /* cs179sendPhotoUITestsLaunchTests.swift */; };
/* End PBXBuildFile section */

/* Begin PBXContainerItemProxy section */
		ACD51B8A2C0E79D4004C1568 /* PBXContainerItemProxy */ = {
			isa = PBXContainerItemProxy;
			containerPortal = ACD51B712C0E79CF004C1568 /* Project object */;
			proxyType = 1;
			remoteGlobalIDString = ACD51B782C0E79D0004C1568;
			remoteInfo = cs179sendPhoto;
		};
		ACD51B942C0E79D4004C1568 /* PBXContainerItemProxy */ = {
			isa = PBXContainerItemProxy;
			containerPortal = ACD51B712C0E79CF004C1568 /* Project object */;
			proxyType = 1;
			remoteGlobalIDString = ACD51B782C0E79D0004C1568;
			remoteInfo = cs179sendPhoto;
		};
/* End PBXContainerItemProxy section */

/* Begin PBXFileReference section */
		ACD51B792C0E79D0004C1568 /* cs179sendPhoto.app */ = {isa = PBXFileReference; explicitFileType = wrapper.application; includeInIndex = 0; path = cs179sendPhoto.app; sourceTree = BUILT_PRODUCTS_DIR; };
		ACD51B7C2C0E79D0004C1568 /* cs179sendPhotoApp.swift */ = {isa = PBXFileReference; lastKnownFileType = sourcecode.swift; path = cs179sendPhotoApp.swift; sourceTree = "<group>"; };
		ACD51B7E2C0E79D0004C1568 /* ContentView.swift */ = {isa = PBXFileReference; lastKnownFileType = sourcecode.swift; path = ContentView.swift; sourceTree = "<group>"; };
		ACD51B802C0E79D4004C1568 /* Assets.xcassets */ = {isa = PBXFileReference; lastKnownFileType = folder.assetcatalog; path = Assets.xcassets; sourceTree = "<group>"; };
		ACD51B832C0E79D4004C1568 /* Preview Assets.xcassets */ = {isa = PBXFileReference; lastKnownFileType = folder.assetcatalog; path = "Preview Assets.xcassets"; sourceTree = "<group>"; };
		ACD51B892C0E79D4004C1568 /* cs179sendPhotoTests.xctest */ = {isa = PBXFileReference; explicitFileType = wrapper.cfbundle; includeInIndex = 0; path = cs179sendPhotoTests.xctest; sourceTree = BUILT_PRODUCTS_DIR; };
		ACD51B8D2C0E79D4004C1568 /* cs179sendPhotoTests.swift */ = {isa = PBXFileReference; lastKnownFileType = sourcecode.swift; path = cs179sendPhotoTests.swift; sourceTree = "<group>"; };
		ACD51B932C0E79D4004C1568 /* cs179sendPhotoUITests.xctest */ = {isa = PBXFileReference; explicitFileType = wrapper.cfbundle; includeInIndex = 0; path = cs179sendPhotoUITests.xctest; sourceTree = BUILT_PRODUCTS_DIR; };
		ACD51B972C0E79D4004C1568 /* cs179sendPhotoUITests.swift */ = {isa = PBXFileReference; lastKnownFileType = sourcecode.swift; path = cs179sendPhotoUITests.swift; sourceTree = "<group>"; };
		ACD51B992C0E79D4004C1568 /* cs179sendPhotoUITestsLaunchTests.swift */ = {isa = PBXFileReference; lastKnownFileType = sourcecode.swift; path = cs179sendPhotoUITestsLaunchTests.swift; sourceTree = "<group>"; };
/* End PBXFileReference section */

/* Begin PBXFrameworksBuildPhase section */
		ACD51B762C0E79D0004C1568 /* Frameworks */ = {
			isa = PBXFrameworksBuildPhase;
			buildActionMask = 2147483647;
			files = (
			);
			runOnlyForDeploymentPostprocessing = 0;
		};
		ACD51B862C0E79D4004C1568 /* Frameworks */ = {
			isa = PBXFrameworksBuildPhase;
			buildActionMask = 2147483647;
			files = (
			);
			runOnlyForDeploymentPostprocessing = 0;
		};
		ACD51B902C0E79D4004C1568 /* Frameworks */ = {
			isa = PBXFrameworksBuildPhase;
			buildActionMask = 2147483647;
			files = (
			);
			runOnlyForDeploymentPostprocessing = 0;
		};
/* End PBXFrameworksBuildPhase section */

/* Begin PBXGroup section */
		ACD51B702C0E79CF004C1568 = {
			isa = PBXGroup;
			children = (
				ACD51B7B2C0E79D0004C1568 /* cs179sendPhoto */,
				ACD51B8C2C0E79D4004C1568 /* cs179sendPhotoTests */,
				ACD51B962C0E79D4004C1568 /* cs179sendPhotoUITests */,
				ACD51B7A2C0E79D0004C1568 /* Products */,
			);
			sourceTree = "<group>";
		};
		ACD51B7A2C0E79D0004C1568 /* Products */ = {
			isa = PBXGroup;
			children = (
				ACD51B792C0E79D0004C1568 /* cs179sendPhoto.app */,
				ACD51B892C0E79D4004C1568 /* cs179sendPhotoTests.xctest */,
				ACD51B932C0E79D4004C1568 /* cs179sendPhotoUITests.xctest */,
			);
			name = Products;
			sourceTree = "<group>";
		};
		ACD51B7B2C0E79D0004C1568 /* cs179sendPhoto */ = {
			isa = PBXGroup;
			children = (
				ACD51B7C2C0E79D0004C1568 /* cs179sendPhotoApp.swift */,
				ACD51B7E2C0E79D0004C1568 /* ContentView.swift */,
				ACD51B802C0E79D4004C1568 /* Assets.xcassets */,
				ACD51B822C0E79D4004C1568 /* Preview Content */,
			);
			path = cs179sendPhoto;
			sourceTree = "<group>";
		};
		ACD51B822C0E79D4004C1568 /* Preview Content */ = {
			isa = PBXGroup;
			children = (
				ACD51B832C0E79D4004C1568 /* Preview Assets.xcassets */,
			);
			path = "Preview Content";
			sourceTree = "<group>";
		};
		ACD51B8C2C0E79D4004C1568 /* cs179sendPhotoTests */ = {
			isa = PBXGroup;
			children = (
				ACD51B8D2C0E79D4004C1568 /* cs179sendPhotoTests.swift */,
			);
			path = cs179sendPhotoTests;
			sourceTree = "<group>";
		};
		ACD51B962C0E79D4004C1568 /* cs179sendPhotoUITests */ = {
			isa = PBXGroup;
			children = (
				ACD51B972C0E79D4004C1568 /* cs179sendPhotoUITests.swift */,
				ACD51B992C0E79D4004C1568 /* cs179sendPhotoUITestsLaunchTests.swift */,
			);
			path = cs179sendPhotoUITests;
			sourceTree = "<group>";
		};
/* End PBXGroup section */

/* Begin PBXNativeTarget section */
		ACD51B782C0E79D0004C1568 /* cs179sendPhoto */ = {
			isa = PBXNativeTarget;
			buildConfigurationList = ACD51B9D2C0E79D4004C1568 /* Build configuration list for PBXNativeTarget "cs179sendPhoto" */;
			buildPhases = (
				ACD51B752C0E79D0004C1568 /* Sources */,
				ACD51B762C0E79D0004C1568 /* Frameworks */,
				ACD51B772C0E79D0004C1568 /* Resources */,
			);
			buildRules = (
			);
			dependencies = (
			);
			name = cs179sendPhoto;
			productName = cs179sendPhoto;
			productReference = ACD51B792C0E79D0004C1568 /* cs179sendPhoto.app */;
			productType = "com.apple.product-type.application";
		};
		ACD51B882C0E79D4004C1568 /* cs179sendPhotoTests */ = {
			isa = PBXNativeTarget;
			buildConfigurationList = ACD51BA02C0E79D4004C1568 /* Build configuration list for PBXNativeTarget "cs179sendPhotoTests" */;
			buildPhases = (
				ACD51B852C0E79D4004C1568 /* Sources */,
				ACD51B862C0E79D4004C1568 /* Frameworks */,
				ACD51B872C0E79D4004C1568 /* Resources */,
			);
			buildRules = (
			);
			dependencies = (
				ACD51B8B2C0E79D4004C1568 /* PBXTargetDependency */,
			);
			name = cs179sendPhotoTests;
			productName = cs179sendPhotoTests;
			productReference = ACD51B892C0E79D4004C1568 /* cs179sendPhotoTests.xctest */;
			productType = "com.apple.product-type.bundle.unit-test";
		};
		ACD51B922C0E79D4004C1568 /* cs179sendPhotoUITests */ = {
			isa = PBXNativeTarget;
			buildConfigurationList = ACD51BA32C0E79D4004C1568 /* Build configuration list for PBXNativeTarget "cs179sendPhotoUITests" */;
			buildPhases = (
				ACD51B8F2C0E79D4004C1568 /* Sources */,
				ACD51B902C0E79D4004C1568 /* Frameworks */,
				ACD51B912C0E79D4004C1568 /* Resources */,
			);
			buildRules = (
			);
			dependencies = (
				ACD51B952C0E79D4004C1568 /* PBXTargetDependency */,
			);
			name = cs179sendPhotoUITests;
			productName = cs179sendPhotoUITests;
			productReference = ACD51B932C0E79D4004C1568 /* cs179sendPhotoUITests.xctest */;
			productType = "com.apple.product-type.bundle.ui-testing";
		};
/* End PBXNativeTarget section */

/* Begin PBXProject section */
		ACD51B712C0E79CF004C1568 /* Project object */ = {
			isa = PBXProject;
			attributes = {
				BuildIndependentTargetsInParallel = 1;
				LastSwiftUpdateCheck = 1430;
				LastUpgradeCheck = 1430;
				TargetAttributes = {
					ACD51B782C0E79D0004C1568 = {
						CreatedOnToolsVersion = 14.3.1;
					};
					ACD51B882C0E79D4004C1568 = {
						CreatedOnToolsVersion = 14.3.1;
						TestTargetID = ACD51B782C0E79D0004C1568;
					};
					ACD51B922C0E79D4004C1568 = {
						CreatedOnToolsVersion = 14.3.1;
						TestTargetID = ACD51B782C0E79D0004C1568;
					};
				};
			};
			buildConfigurationList = ACD51B742C0E79CF004C1568 /* Build configuration list for PBXProject "cs179sendPhoto" */;
			compatibilityVersion = "Xcode 14.0";
			developmentRegion = en;
			hasScannedForEncodings = 0;
			knownRegions = (
				en,
				Base,
			);
			mainGroup = ACD51B702C0E79CF004C1568;
			productRefGroup = ACD51B7A2C0E79D0004C1568 /* Products */;
			projectDirPath = "";
			projectRoot = "";
			targets = (
				ACD51B782C0E79D0004C1568 /* cs179sendPhoto */,
				ACD51B882C0E79D4004C1568 /* cs179sendPhotoTests */,
				ACD51B922C0E79D4004C1568 /* cs179sendPhotoUITests */,
			);
		};
/* End PBXProject section */

/* Begin PBXResourcesBuildPhase section */
		ACD51B772C0E79D0004C1568 /* Resources */ = {
			isa = PBXResourcesBuildPhase;
			buildActionMask = 2147483647;
			files = (
				ACD51B842C0E79D4004C1568 /* Preview Assets.xcassets in Resources */,
				ACD51B812C0E79D4004C1568 /* Assets.xcassets in Resources */,
			);
			runOnlyForDeploymentPostprocessing = 0;
		};
		ACD51B872C0E79D4004C1568 /* Resources */ = {
			isa = PBXResourcesBuildPhase;
			buildActionMask = 2147483647;
			files = (
			);
			runOnlyForDeploymentPostprocessing = 0;
		};
		ACD51B912C0E79D4004C1568 /* Resources */ = {
			isa = PBXResourcesBuildPhase;
			buildActionMask = 2147483647;
			files = (
			);
			runOnlyForDeploymentPostprocessing = 0;
		};
/* End PBXResourcesBuildPhase section */

/* Begin PBXSourcesBuildPhase section */
		ACD51B752C0E79D0004C1568 /* Sources */ = {
			isa = PBXSourcesBuildPhase;
			buildActionMask = 2147483647;
			files = (
				ACD51B7F2C0E79D0004C1568 /* ContentView.swift in Sources */,
				ACD51B7D2C0E79D0004C1568 /* cs179sendPhotoApp.swift in Sources */,
			);
			runOnlyForDeploymentPostprocessing = 0;
		};
		ACD51B852C0E79D4004C1568 /* Sources */ = {
			isa = PBXSourcesBuildPhase;
			buildActionMask = 2147483647;
			files = (
				ACD51B8E2C0E79D4004C1568 /* cs179sendPhotoTests.swift in Sources */,
			);
			runOnlyForDeploymentPostprocessing = 0;
		};
		ACD51B8F2C0E79D4004C1568 /* Sources */ = {
			isa = PBXSourcesBuildPhase;
			buildActionMask = 2147483647;
			files = (
				ACD51B982C0E79D4004C1568 /* cs179sendPhotoUITests.swift in Sources */,
				ACD51B9A2C0E79D4004C1568 /* cs179sendPhotoUITestsLaunchTests.swift in Sources */,
			);
			runOnlyForDeploymentPostprocessing = 0;
		};
/* End PBXSourcesBuildPhase section */

/* Begin PBXTargetDependency section */
		ACD51B8B2C0E79D4004C1568 /* PBXTargetDependency */ = {
			isa = PBXTargetDependency;
			target = ACD51B782C0E79D0004C1568 /* cs179sendPhoto */;
			targetProxy = ACD51B8A2C0E79D4004C1568 /* PBXContainerItemProxy */;
		};
		ACD51B952C0E79D4004C1568 /* PBXTargetDependency */ = {
			isa = PBXTargetDependency;
			target = ACD51B782C0E79D0004C1568 /* cs179sendPhoto */;
			targetProxy = ACD51B942C0E79D4004C1568 /* PBXContainerItemProxy */;
		};
/* End PBXTargetDependency section */

/* Begin XCBuildConfiguration section */
		ACD51B9B2C0E79D4004C1568 /* Debug */ = {
			isa = XCBuildConfiguration;
			buildSettings = {
				ALWAYS_SEARCH_USER_PATHS = NO;
				CLANG_ANALYZER_NONNULL = YES;
				CLANG_ANALYZER_NUMBER_OBJECT_CONVERSION = YES_AGGRESSIVE;
				CLANG_CXX_LANGUAGE_STANDARD = "gnu++20";
				CLANG_ENABLE_MODULES = YES;
				CLANG_ENABLE_OBJC_ARC = YES;
				CLANG_ENABLE_OBJC_WEAK = YES;
				CLANG_WARN_BLOCK_CAPTURE_AUTORELEASING = YES;
				CLANG_WARN_BOOL_CONVERSION = YES;
				CLANG_WARN_COMMA = YES;
				CLANG_WARN_CONSTANT_CONVERSION = YES;
				CLANG_WARN_DEPRECATED_OBJC_IMPLEMENTATIONS = YES;
				CLANG_WARN_DIRECT_OBJC_ISA_USAGE = YES_ERROR;
				CLANG_WARN_DOCUMENTATION_COMMENTS = YES;
				CLANG_WARN_EMPTY_BODY = YES;
				CLANG_WARN_ENUM_CONVERSION = YES;
				CLANG_WARN_INFINITE_RECURSION = YES;
				CLANG_WARN_INT_CONVERSION = YES;
				CLANG_WARN_NON_LITERAL_NULL_CONVERSION = YES;
				CLANG_WARN_OBJC_IMPLICIT_RETAIN_SELF = YES;
				CLANG_WARN_OBJC_LITERAL_CONVERSION = YES;
				CLANG_WARN_OBJC_ROOT_CLASS = YES_ERROR;
				CLANG_WARN_QUOTED_INCLUDE_IN_FRAMEWORK_HEADER = YES;
				CLANG_WARN_RANGE_LOOP_ANALYSIS = YES;
				CLANG_WARN_STRICT_PROTOTYPES = YES;
				CLANG_WARN_SUSPICIOUS_MOVE = YES;
				CLANG_WARN_UNGUARDED_AVAILABILITY = YES_AGGRESSIVE;
				CLANG_WARN_UNREACHABLE_CODE = YES;
				CLANG_WARN__DUPLICATE_METHOD_MATCH = YES;
				COPY_PHASE_STRIP = NO;
				DEBUG_INFORMATION_FORMAT = dwarf;
				ENABLE_STRICT_OBJC_MSGSEND = YES;
				ENABLE_TESTABILITY = YES;
				GCC_C_LANGUAGE_STANDARD = gnu11;
				GCC_DYNAMIC_NO_PIC = NO;
				GCC_NO_COMMON_BLOCKS = YES;
				GCC_OPTIMIZATION_LEVEL = 0;
				GCC_PREPROCESSOR_DEFINITIONS = (
					"DEBUG=1",
					"$(inherited)",
				);
				GCC_WARN_64_TO_32_BIT_CONVERSION = YES;
				GCC_WARN_ABOUT_RETURN_TYPE = YES_ERROR;
				GCC_WARN_UNDECLARED_SELECTOR = YES;
				GCC_WARN_UNINITIALIZED_AUTOS = YES_AGGRESSIVE;
				GCC_WARN_UNUSED_FUNCTION = YES;
				GCC_WARN_UNUSED_VARIABLE = YES;
				IPHONEOS_DEPLOYMENT_TARGET = 16.4;
				MTL_ENABLE_DEBUG_INFO = INCLUDE_SOURCE;
				MTL_FAST_MATH = YES;
				ONLY_ACTIVE_ARCH = YES;
				SDKROOT = iphoneos;
				SWIFT_ACTIVE_COMPILATION_CONDITIONS = DEBUG;
				SWIFT_OPTIMIZATION_LEVEL = "-Onone";
			};
			name = Debug;
		};
		ACD51B9C2C0E79D4004C1568 /* Release */ = {
			isa = XCBuildConfiguration;
			buildSettings = {
				ALWAYS_SEARCH_USER_PATHS = NO;
				CLANG_ANALYZER_NONNULL = YES;
				CLANG_ANALYZER_NUMBER_OBJECT_CONVERSION = YES_AGGRESSIVE;
				CLANG_CXX_LANGUAGE_STANDARD = "gnu++20";
				CLANG_ENABLE_MODULES = YES;
				CLANG_ENABLE_OBJC_ARC = YES;
				CLANG_ENABLE_OBJC_WEAK = YES;
				CLANG_WARN_BLOCK_CAPTURE_AUTORELEASING = YES;
				CLANG_WARN_BOOL_CONVERSION = YES;
				CLANG_WARN_COMMA = YES;
				CLANG_WARN_CONSTANT_CONVERSION = YES;
				CLANG_WARN_DEPRECATED_OBJC_IMPLEMENTATIONS = YES;
				CLANG_WARN_DIRECT_OBJC_ISA_USAGE = YES_ERROR;
				CLANG_WARN_DOCUMENTATION_COMMENTS = YES;
				CLANG_WARN_EMPTY_BODY = YES;
				CLANG_WARN_ENUM_CONVERSION = YES;
				CLANG_WARN_INFINITE_RECURSION = YES;
				CLANG_WARN_INT_CONVERSION = YES;
				CLANG_WARN_NON_LITERAL_NULL_CONVERSION = YES;
				CLANG_WARN_OBJC_IMPLICIT_RETAIN_SELF = YES;
				CLANG_WARN_OBJC_LITERAL_CONVERSION = YES;
				CLANG_WARN_OBJC_ROOT_CLASS = YES_ERROR;
				CLANG_WARN_QUOTED_INCLUDE_IN_FRAMEWORK_HEADER = YES;
				CLANG_WARN_RANGE_LOOP_ANALYSIS = YES;
				CLANG_WARN_STRICT_PROTOTYPES = YES;
				CLANG_WARN_SUSPICIOUS_MOVE = YES;
				CLANG_WARN_UNGUARDED_AVAILABILITY = YES_AGGRESSIVE;
				CLANG_WARN_UNREACHABLE_CODE = YES;
				CLANG_WARN__DUPLICATE_METHOD_MATCH = YES;
				COPY_PHASE_STRIP = NO;
				DEBUG_INFORMATION_FORMAT = "dwarf-with-dsym";
				ENABLE_NS_ASSERTIONS = NO;
				ENABLE_STRICT_OBJC_MSGSEND = YES;
				GCC_C_LANGUAGE_STANDARD = gnu11;
				GCC_NO_COMMON_BLOCKS = YES;
				GCC_WARN_64_TO_32_BIT_CONVERSION = YES;
				GCC_WARN_ABOUT_RETURN_TYPE = YES_ERROR;
				GCC_WARN_UNDECLARED_SELECTOR = YES;
				GCC_WARN_UNINITIALIZED_AUTOS = YES_AGGRESSIVE;
				GCC_WARN_UNUSED_FUNCTION = YES;
				GCC_WARN_UNUSED_VARIABLE = YES;
				IPHONEOS_DEPLOYMENT_TARGET = 16.4;
				MTL_ENABLE_DEBUG_INFO = NO;
				MTL_FAST_MATH = YES;
				SDKROOT = iphoneos;
				SWIFT_COMPILATION_MODE = wholemodule;
				SWIFT_OPTIMIZATION_LEVEL = "-O";
				VALIDATE_PRODUCT = YES;
			};
			name = Release;
		};
		ACD51B9E2C0E79D4004C1568 /* Debug */ = {
			isa = XCBuildConfiguration;
			buildSettings = {
				ASSETCATALOG_COMPILER_APPICON_NAME = AppIcon;
				ASSETCATALOG_COMPILER_GLOBAL_ACCENT_COLOR_NAME = AccentColor;
				CODE_SIGN_STYLE = Automatic;
				CURRENT_PROJECT_VERSION = 1;
				DEVELOPMENT_ASSET_PATHS = "\"cs179sendPhoto/Preview Content\"";
				DEVELOPMENT_TEAM = T8G27W3H38;
				ENABLE_PREVIEWS = YES;
				GENERATE_INFOPLIST_FILE = YES;
				INFOPLIST_KEY_UIApplicationSceneManifest_Generation = YES;
				INFOPLIST_KEY_UIApplicationSupportsIndirectInputEvents = YES;
				INFOPLIST_KEY_UILaunchScreen_Generation = YES;
				INFOPLIST_KEY_UISupportedInterfaceOrientations_iPad = "UIInterfaceOrientationPortrait UIInterfaceOrientationPortraitUpsideDown UIInterfaceOrientationLandscapeLeft UIInterfaceOrientationLandscapeRight";
				INFOPLIST_KEY_UISupportedInterfaceOrientations_iPhone = "UIInterfaceOrientationPortrait UIInterfaceOrientationLandscapeLeft UIInterfaceOrientationLandscapeRight";
				LD_RUNPATH_SEARCH_PATHS = (
					"$(inherited)",
					"@executable_path/Frameworks",
				);
				MARKETING_VERSION = 1.0;
				PRODUCT_BUNDLE_IDENTIFIER = cs179.cs179sendPhoto;
				PRODUCT_NAME = "$(TARGET_NAME)";
				SWIFT_EMIT_LOC_STRINGS = YES;
				SWIFT_VERSION = 5.0;
				TARGETED_DEVICE_FAMILY = "1,2";
			};
			name = Debug;
		};
		ACD51B9F2C0E79D4004C1568 /* Release */ = {
			isa = XCBuildConfiguration;
			buildSettings = {
				ASSETCATALOG_COMPILER_APPICON_NAME = AppIcon;
				ASSETCATALOG_COMPILER_GLOBAL_ACCENT_COLOR_NAME = AccentColor;
				CODE_SIGN_STYLE = Automatic;
				CURRENT_PROJECT_VERSION = 1;
				DEVELOPMENT_ASSET_PATHS = "\"cs179sendPhoto/Preview Content\"";
				DEVELOPMENT_TEAM = T8G27W3H38;
				ENABLE_PREVIEWS = YES;
				GENERATE_INFOPLIST_FILE = YES;
				INFOPLIST_KEY_UIApplicationSceneManifest_Generation = YES;
				INFOPLIST_KEY_UIApplicationSupportsIndirectInputEvents = YES;
				INFOPLIST_KEY_UILaunchScreen_Generation = YES;
				INFOPLIST_KEY_UISupportedInterfaceOrientations_iPad = "UIInterfaceOrientationPortrait UIInterfaceOrientationPortraitUpsideDown UIInterfaceOrientationLandscapeLeft UIInterfaceOrientationLandscapeRight";
				INFOPLIST_KEY_UISupportedInterfaceOrientations_iPhone = "UIInterfaceOrientationPortrait UIInterfaceOrientationLandscapeLeft UIInterfaceOrientationLandscapeRight";
				LD_RUNPATH_SEARCH_PATHS = (
					"$(inherited)",
					"@executable_path/Frameworks",
				);
				MARKETING_VERSION = 1.0;
				PRODUCT_BUNDLE_IDENTIFIER = cs179.cs179sendPhoto;
				PRODUCT_NAME = "$(TARGET_NAME)";
				SWIFT_EMIT_LOC_STRINGS = YES;
				SWIFT_VERSION = 5.0;
				TARGETED_DEVICE_FAMILY = "1,2";
			};
			name = Release;
		};
		ACD51BA12C0E79D4004C1568 /* Debug */ = {
			isa = XCBuildConfiguration;
			buildSettings = {
				ALWAYS_EMBED_SWIFT_STANDARD_LIBRARIES = YES;
				BUNDLE_LOADER = "$(TEST_HOST)";
				CODE_SIGN_STYLE = Automatic;
				CURRENT_PROJECT_VERSION = 1;
				DEVELOPMENT_TEAM = T8G27W3H38;
				GENERATE_INFOPLIST_FILE = YES;
				IPHONEOS_DEPLOYMENT_TARGET = 16.4;
				MARKETING_VERSION = 1.0;
				PRODUCT_BUNDLE_IDENTIFIER = cs179.cs179sendPhotoTests;
				PRODUCT_NAME = "$(TARGET_NAME)";
				SWIFT_EMIT_LOC_STRINGS = NO;
				SWIFT_VERSION = 5.0;
				TARGETED_DEVICE_FAMILY = "1,2";
				TEST_HOST = "$(BUILT_PRODUCTS_DIR)/cs179sendPhoto.app/$(BUNDLE_EXECUTABLE_FOLDER_PATH)/cs179sendPhoto";
			};
			name = Debug;
		};
		ACD51BA22C0E79D4004C1568 /* Release */ = {
			isa = XCBuildConfiguration;
			buildSettings = {
				ALWAYS_EMBED_SWIFT_STANDARD_LIBRARIES = YES;
				BUNDLE_LOADER = "$(TEST_HOST)";
				CODE_SIGN_STYLE = Automatic;
				CURRENT_PROJECT_VERSION = 1;
				DEVELOPMENT_TEAM = T8G27W3H38;
				GENERATE_INFOPLIST_FILE = YES;
				IPHONEOS_DEPLOYMENT_TARGET = 16.4;
				MARKETING_VERSION = 1.0;
				PRODUCT_BUNDLE_IDENTIFIER = cs179.cs179sendPhotoTests;
				PRODUCT_NAME = "$(TARGET_NAME)";
				SWIFT_EMIT_LOC_STRINGS = NO;
				SWIFT_VERSION = 5.0;
				TARGETED_DEVICE_FAMILY = "1,2";
				TEST_HOST = "$(BUILT_PRODUCTS_DIR)/cs179sendPhoto.app/$(BUNDLE_EXECUTABLE_FOLDER_PATH)/cs179sendPhoto";
			};
			name = Release;
		};
		ACD51BA42C0E79D4004C1568 /* Debug */ = {
			isa = XCBuildConfiguration;
			buildSettings = {
				ALWAYS_EMBED_SWIFT_STANDARD_LIBRARIES = YES;
				CODE_SIGN_STYLE = Automatic;
				CURRENT_PROJECT_VERSION = 1;
				DEVELOPMENT_TEAM = T8G27W3H38;
				GENERATE_INFOPLIST_FILE = YES;
				MARKETING_VERSION = 1.0;
				PRODUCT_BUNDLE_IDENTIFIER = cs179.cs179sendPhotoUITests;
				PRODUCT_NAME = "$(TARGET_NAME)";
				SWIFT_EMIT_LOC_STRINGS = NO;
				SWIFT_VERSION = 5.0;
				TARGETED_DEVICE_FAMILY = "1,2";
				TEST_TARGET_NAME = cs179sendPhoto;
			};
			name = Debug;
		};
		ACD51BA52C0E79D4004C1568 /* Release */ = {
			isa = XCBuildConfiguration;
			buildSettings = {
				ALWAYS_EMBED_SWIFT_STANDARD_LIBRARIES = YES;
				CODE_SIGN_STYLE = Automatic;
				CURRENT_PROJECT_VERSION = 1;
				DEVELOPMENT_TEAM = T8G27W3H38;
				GENERATE_INFOPLIST_FILE = YES;
				MARKETING_VERSION = 1.0;
				PRODUCT_BUNDLE_IDENTIFIER = cs179.cs179sendPhotoUITests;
				PRODUCT_NAME = "$(TARGET_NAME)";
				SWIFT_EMIT_LOC_STRINGS = NO;
				SWIFT_VERSION = 5.0;
				TARGETED_DEVICE_FAMILY = "1,2";
				TEST_TARGET_NAME = cs179sendPhoto;
			};
			name = Release;
		};
/* End XCBuildConfiguration section */

/* Begin XCConfigurationList section */
		ACD51B742C0E79CF004C1568 /* Build configuration list for PBXProject "cs179sendPhoto" */ = {
			isa = XCConfigurationList;
			buildConfigurations = (
				ACD51B9B2C0E79D4004C1568 /* Debug */,
				ACD51B9C2C0E79D4004C1568 /* Release */,
			);
			defaultConfigurationIsVisible = 0;
			defaultConfigurationName = Release;
		};
		ACD51B9D2C0E79D4004C1568 /* Build configuration list for PBXNativeTarget "cs179sendPhoto" */ = {
			isa = XCConfigurationList;
			buildConfigurations = (
				ACD51B9E2C0E79D4004C1568 /* Debug */,
				ACD51B9F2C0E79D4004C1568 /* Release */,
			);
			defaultConfigurationIsVisible = 0;
			defaultConfigurationName = Release;
		};
		ACD51BA02C0E79D4004C1568 /* Build configuration list for PBXNativeTarget "cs179sendPhotoTests" */ = {
			isa = XCConfigurationList;
			buildConfigurations = (
				ACD51BA12C0E79D4004C1568 /* Debug */,
				ACD51BA22C0E79D4004C1568 /* Release */,
			);
			defaultConfigurationIsVisible = 0;
			defaultConfigurationName = Release;
		};
		ACD51BA32C0E79D4004C1568 /* Build configuration list for PBXNativeTarget "cs179sendPhotoUITests" */ = {
			isa = XCConfigurationList;
			buildConfigurations = (
				ACD51BA42C0E79D4004C1568 /* Debug */,
				ACD51BA52C0E79D4004C1568 /* Release */,
			);
			defaultConfigurationIsVisible = 0;
			defaultConfigurationName = Release;
		};
/* End XCConfigurationList section */
	};
	rootObject = ACD51B712C0E79CF004C1568 /* Project object */;
}
